
Microsoft Visual Studio Solution File, Format Version 12.00
# Visual Studio 15
VisualStudioVersion = 15.0.28307.757
MinimumVisualStudioVersion = 10.0.40219.1
Project("{FAE04EC0-301F-11D3-BF4B-00C04F79EFBC}") = "ChannelSimulation", "ChannelSimulation\ChannelSimulation.csproj", "{7A152863-A0E4-479D-A21A-468D2DC45528}"
EndProject
Global
	GlobalSection(SolutionConfigurationPlatforms) = preSolution
		Debug|Any CPU = Debug|Any CPU
		Release|Any CPU = Release|Any CPU
	EndGlobalSection
	GlobalSection(ProjectConfigurationPlatforms) = postSolution
		{7A152863-A0E4-479D-A21A-468D2DC45528}.Debug|Any CPU.ActiveCfg = Debug|Any CPU
		{7A152863-A0E4-479D-A21A-468D2DC45528}.Debug|Any CPU.Build.0 = Debug|Any CPU
		{7A152863-A0E4-479D-A21A-468D2DC45528}.Release|Any CPU.ActiveCfg = Release|Any CPU
		{7A152863-A0E4-479D-A21A-468D2DC45528}.Release|Any CPU.Build.0 = Release|Any CPU
	EndGlobalSection
	GlobalSection(SolutionProperties) = preSolution
		HideSolutionNode = FALSE
	EndGlobalSection
	GlobalSection(ExtensibilityGlobals) = postSolution
		SolutionGuid = {0C94ED76-378B-4596-87E4-E47D9274A3B8}
	EndGlobalSection
EndGlobal
